
Microsoft Visual Studio Solution File, Format Version 12.00
# Visual Studio 2013
VisualStudioVersion = 12.0.40629.0
MinimumVisualStudioVersion = 10.0.40219.1
Project("{FAE04EC0-301F-11D3-BF4B-00C04F79EFBC}") = "Repository", "repository\Repository.csproj", "{8E90B6DA-5FEE-4405-9EDA-FC84370C5CE1}"
EndProject
Project("{FAE04EC0-301F-11D3-BF4B-00C04F79EFBC}") = "WinCRUD", "WinCRUD\WinCRUD.csproj", "{51241D8A-4E66-478B-BA61-1E2C33A40F0F}"
EndProject
Global
	GlobalSection(SolutionConfigurationPlatforms) = preSolution
		Debug|Any CPU = Debug|Any CPU
		Release|Any CPU = Release|Any CPU
	EndGlobalSection
	GlobalSection(ProjectConfigurationPlatforms) = postSolution
		{8E90B6DA-5FEE-4405-9EDA-FC84370C5CE1}.Debug|Any CPU.ActiveCfg = Debug|Any CPU
		{8E90B6DA-5FEE-4405-9EDA-FC84370C5CE1}.Debug|Any CPU.Build.0 = Debug|Any CPU
		{8E90B6DA-5FEE-4405-9EDA-FC84370C5CE1}.Release|Any CPU.ActiveCfg = Release|Any CPU
		{8E90B6DA-5FEE-4405-9EDA-FC84370C5CE1}.Release|Any CPU.Build.0 = Release|Any CPU
		{51241D8A-4E66-478B-BA61-1E2C33A40F0F}.Debug|Any CPU.ActiveCfg = Debug|Any CPU
		{51241D8A-4E66-478B-BA61-1E2C33A40F0F}.Debug|Any CPU.Build.0 = Debug|Any CPU
		{51241D8A-4E66-478B-BA61-1E2C33A40F0F}.Release|Any CPU.ActiveCfg = Release|Any CPU
		{51241D8A-4E66-478B-BA61-1E2C33A40F0F}.Release|Any CPU.Build.0 = Release|Any CPU
	EndGlobalSection
	GlobalSection(SolutionProperties) = preSolution
		HideSolutionNode = FALSE
	EndGlobalSection
EndGlobal
